
Microsoft Visual Studio Solution File, Format Version 12.00
# Visual Studio Version 17
VisualStudioVersion = 17.5.33414.496
MinimumVisualStudioVersion = 10.0.40219.1
Project("{FAE04EC0-301F-11D3-BF4B-00C04F79EFBC}") = "App", "App\App.csproj", "{F86FAE48-9E7C-4FEE-B732-E241A3157C14}"
EndProject
Project("{FAE04EC0-301F-11D3-BF4B-00C04F79EFBC}") = "Domain", "Domain\Domain.csproj", "{5318726B-2E52-4A2C-A278-B37AEFF82333}"
EndProject
Project("{FAE04EC0-301F-11D3-BF4B-00C04F79EFBC}") = "Repository", "Repository\Repository.csproj", "{711922DA-A043-4359-93B8-BA6AF29D67F2}"
EndProject
Global
	GlobalSection(SolutionConfigurationPlatforms) = preSolution
		Debug|Any CPU = Debug|Any CPU
		Release|Any CPU = Release|Any CPU
	EndGlobalSection
	GlobalSection(ProjectConfigurationPlatforms) = postSolution
		{F86FAE48-9E7C-4FEE-B732-E241A3157C14}.Debug|Any CPU.ActiveCfg = Debug|Any CPU
		{F86FAE48-9E7C-4FEE-B732-E241A3157C14}.Debug|Any CPU.Build.0 = Debug|Any CPU
		{F86FAE48-9E7C-4FEE-B732-E241A3157C14}.Release|Any CPU.ActiveCfg = Release|Any CPU
		{F86FAE48-9E7C-4FEE-B732-E241A3157C14}.Release|Any CPU.Build.0 = Release|Any CPU
		{5318726B-2E52-4A2C-A278-B37AEFF82333}.Debug|Any CPU.ActiveCfg = Debug|Any CPU
		{5318726B-2E52-4A2C-A278-B37AEFF82333}.Debug|Any CPU.Build.0 = Debug|Any CPU
		{5318726B-2E52-4A2C-A278-B37AEFF82333}.Release|Any CPU.ActiveCfg = Release|Any CPU
		{5318726B-2E52-4A2C-A278-B37AEFF82333}.Release|Any CPU.Build.0 = Release|Any CPU
		{711922DA-A043-4359-93B8-BA6AF29D67F2}.Debug|Any CPU.ActiveCfg = Debug|Any CPU
		{711922DA-A043-4359-93B8-BA6AF29D67F2}.Debug|Any CPU.Build.0 = Debug|Any CPU
		{711922DA-A043-4359-93B8-BA6AF29D67F2}.Release|Any CPU.ActiveCfg = Release|Any CPU
		{711922DA-A043-4359-93B8-BA6AF29D67F2}.Release|Any CPU.Build.0 = Release|Any CPU
	EndGlobalSection
	GlobalSection(SolutionProperties) = preSolution
		HideSolutionNode = FALSE
	EndGlobalSection
	GlobalSection(ExtensibilityGlobals) = postSolution
		SolutionGuid = {35A931EC-D508-461F-B818-192368C0CA7F}
	EndGlobalSection
EndGlobal
